
Microsoft Visual Studio Solution File, Format Version 12.00
# Visual Studio Version 16
VisualStudioVersion = 16.0.31005.135
MinimumVisualStudioVersion = 10.0.40219.1
Project("{FAE04EC0-301F-11D3-BF4B-00C04F79EFBC}") = "RestAndSoapTP", "RestAndSoapTP\RestAndSoapTP.csproj", "{6EBFA5F0-2398-4C31-9AD9-B5AE1E143A53}"
EndProject
Global
	GlobalSection(SolutionConfigurationPlatforms) = preSolution
		Debug|Any CPU = Debug|Any CPU
		Release|Any CPU = Release|Any CPU
	EndGlobalSection
	GlobalSection(ProjectConfigurationPlatforms) = postSolution
		{6EBFA5F0-2398-4C31-9AD9-B5AE1E143A53}.Debug|Any CPU.ActiveCfg = Debug|Any CPU
		{6EBFA5F0-2398-4C31-9AD9-B5AE1E143A53}.Debug|Any CPU.Build.0 = Debug|Any CPU
		{6EBFA5F0-2398-4C31-9AD9-B5AE1E143A53}.Release|Any CPU.ActiveCfg = Release|Any CPU
		{6EBFA5F0-2398-4C31-9AD9-B5AE1E143A53}.Release|Any CPU.Build.0 = Release|Any CPU
	EndGlobalSection
	GlobalSection(SolutionProperties) = preSolution
		HideSolutionNode = FALSE
	EndGlobalSection
	GlobalSection(ExtensibilityGlobals) = postSolution
		SolutionGuid = {FBBE2F20-BD7D-4091-9009-481863D8335C}
	EndGlobalSection
EndGlobal
